
Microsoft Visual Studio Solution File, Format Version 12.00
# Visual Studio Version 17
VisualStudioVersion = 17.3.32929.385
MinimumVisualStudioVersion = 10.0.40219.1
Project("{2150E333-8FDC-42A3-9474-1A3956D46DE8}") = "src", "src", "{B261A5F6-1415-4331-A40A-3CDD47CE9031}"
EndProject
Project("{FAE04EC0-301F-11D3-BF4B-00C04F79EFBC}") = "neogym.core", "src\neogym.core\neogym.core.csproj", "{28119584-2855-4E1D-A107-8D3A52178A8C}"
EndProject
Project("{FAE04EC0-301F-11D3-BF4B-00C04F79EFBC}") = "neogym.data", "src\neogym.data\neogym.data.csproj", "{2C5C440A-DB04-4292-A337-CDC911E0FF14}"
EndProject
Project("{FAE04EC0-301F-11D3-BF4B-00C04F79EFBC}") = "neogym.business", "src\neogym.business\neogym.business.csproj", "{5BEA0042-1A71-45E2-A2F4-F273C967E7CE}"
EndProject
Project("{FAE04EC0-301F-11D3-BF4B-00C04F79EFBC}") = "neogym.MVC", "src\neogym.MVC\neogym.MVC.csproj", "{17D6A8CE-5DB7-427C-94A6-330B75536F7D}"
EndProject
Global
	GlobalSection(SolutionConfigurationPlatforms) = preSolution
		Debug|Any CPU = Debug|Any CPU
		Release|Any CPU = Release|Any CPU
	EndGlobalSection
	GlobalSection(ProjectConfigurationPlatforms) = postSolution
		{28119584-2855-4E1D-A107-8D3A52178A8C}.Debug|Any CPU.ActiveCfg = Debug|Any CPU
		{28119584-2855-4E1D-A107-8D3A52178A8C}.Debug|Any CPU.Build.0 = Debug|Any CPU
		{28119584-2855-4E1D-A107-8D3A52178A8C}.Release|Any CPU.ActiveCfg = Release|Any CPU
		{28119584-2855-4E1D-A107-8D3A52178A8C}.Release|Any CPU.Build.0 = Release|Any CPU
		{2C5C440A-DB04-4292-A337-CDC911E0FF14}.Debug|Any CPU.ActiveCfg = Debug|Any CPU
		{2C5C440A-DB04-4292-A337-CDC911E0FF14}.Debug|Any CPU.Build.0 = Debug|Any CPU
		{2C5C440A-DB04-4292-A337-CDC911E0FF14}.Release|Any CPU.ActiveCfg = Release|Any CPU
		{2C5C440A-DB04-4292-A337-CDC911E0FF14}.Release|Any CPU.Build.0 = Release|Any CPU
		{5BEA0042-1A71-45E2-A2F4-F273C967E7CE}.Debug|Any CPU.ActiveCfg = Debug|Any CPU
		{5BEA0042-1A71-45E2-A2F4-F273C967E7CE}.Debug|Any CPU.Build.0 = Debug|Any CPU
		{5BEA0042-1A71-45E2-A2F4-F273C967E7CE}.Release|Any CPU.ActiveCfg = Release|Any CPU
		{5BEA0042-1A71-45E2-A2F4-F273C967E7CE}.Release|Any CPU.Build.0 = Release|Any CPU
		{17D6A8CE-5DB7-427C-94A6-330B75536F7D}.Debug|Any CPU.ActiveCfg = Debug|Any CPU
		{17D6A8CE-5DB7-427C-94A6-330B75536F7D}.Debug|Any CPU.Build.0 = Debug|Any CPU
		{17D6A8CE-5DB7-427C-94A6-330B75536F7D}.Release|Any CPU.ActiveCfg = Release|Any CPU
		{17D6A8CE-5DB7-427C-94A6-330B75536F7D}.Release|Any CPU.Build.0 = Release|Any CPU
	EndGlobalSection
	GlobalSection(SolutionProperties) = preSolution
		HideSolutionNode = FALSE
	EndGlobalSection
	GlobalSection(NestedProjects) = preSolution
		{28119584-2855-4E1D-A107-8D3A52178A8C} = {B261A5F6-1415-4331-A40A-3CDD47CE9031}
		{2C5C440A-DB04-4292-A337-CDC911E0FF14} = {B261A5F6-1415-4331-A40A-3CDD47CE9031}
		{5BEA0042-1A71-45E2-A2F4-F273C967E7CE} = {B261A5F6-1415-4331-A40A-3CDD47CE9031}
		{17D6A8CE-5DB7-427C-94A6-330B75536F7D} = {B261A5F6-1415-4331-A40A-3CDD47CE9031}
	EndGlobalSection
	GlobalSection(ExtensibilityGlobals) = postSolution
		SolutionGuid = {A6796549-32BF-445B-9812-3B67AFBF7118}
	EndGlobalSection
EndGlobal
